// !$*UTF8*$!
{
	archiveVersion = 1;
	classes = {
	};
	objectVersion = 55;
	objects = {

/* Begin PBXBuildFile section */
		273A1C3E281F67C000C9B396 /* AppDelegate.swift in Sources */ = {isa = PBXBuildFile; fileRef = 273A1C3D281F67C000C9B396 /* AppDelegate.swift */; };
		273A1C40281F67C000C9B396 /* SceneDelegate.swift in Sources */ = {isa = PBXBuildFile; fileRef = 273A1C3F281F67C000C9B396 /* SceneDelegate.swift */; };
		273A1C45281F67C000C9B396 /* Main.storyboard in Resources */ = {isa = PBXBuildFile; fileRef = 273A1C43281F67C000C9B396 /* Main.storyboard */; };
		273A1C47281F67C800C9B396 /* Assets.xcassets in Resources */ = {isa = PBXBuildFile; fileRef = 273A1C46281F67C800C9B396 /* Assets.xcassets */; };
		273A1C4A281F67C800C9B396 /* LaunchScreen.storyboard in Resources */ = {isa = PBXBuildFile; fileRef = 273A1C48281F67C800C9B396 /* LaunchScreen.storyboard */; };
		273A1C55281F67C900C9B396 /* MyColorMemoAppTests.swift in Sources */ = {isa = PBXBuildFile; fileRef = 273A1C54281F67C900C9B396 /* MyColorMemoAppTests.swift */; };
		273A1C5F281F67C900C9B396 /* MyColorMemoAppUITests.swift in Sources */ = {isa = PBXBuildFile; fileRef = 273A1C5E281F67C900C9B396 /* MyColorMemoAppUITests.swift */; };
		273A1C61281F67C900C9B396 /* MyColorMemoAppUITestsLaunchTests.swift in Sources */ = {isa = PBXBuildFile; fileRef = 273A1C60281F67C900C9B396 /* MyColorMemoAppUITestsLaunchTests.swift */; };
		274C216F282097C10046A5A6 /* MemoDataModel.swift in Sources */ = {isa = PBXBuildFile; fileRef = 274C216E282097C10046A5A6 /* MemoDataModel.swift */; };
		274C217128209BBF0046A5A6 /* MemoDetailViewController.swift in Sources */ = {isa = PBXBuildFile; fileRef = 274C217028209BBF0046A5A6 /* MemoDetailViewController.swift */; };
		279A7749281F6D5C001BDA4C /* HomeViewController.swift in Sources */ = {isa = PBXBuildFile; fileRef = 279A7748281F6D5C001BDA4C /* HomeViewController.swift */; };
		279E927D9A55658528150474 /* Pods_MyColorMemoAppTests.framework in Frameworks */ = {isa = PBXBuildFile; fileRef = CAD32D1F1F7A9F186DD78AA7 /* Pods_MyColorMemoAppTests.framework */; };
		27BAE1582820CB5E00F276A5 /* MyColorType.swift in Sources */ = {isa = PBXBuildFile; fileRef = 27BAE1572820CB5D00F276A5 /* MyColorType.swift */; };
		4BB6377C8C8BF733991CB6A2 /* Pods_MyColorMemoApp.framework in Frameworks */ = {isa = PBXBuildFile; fileRef = AFC114EBECD1D5FEC52D7A44 /* Pods_MyColorMemoApp.framework */; };
		5FCAB538026FEECB1B63B5CE /* Pods_MyColorMemoApp_MyColorMemoAppUITests.framework in Frameworks */ = {isa = PBXBuildFile; fileRef = 6719F9C3CFA0E8AD81476B0E /* Pods_MyColorMemoApp_MyColorMemoAppUITests.framework */; };
/* End PBXBuildFile section */

/* Begin PBXContainerItemProxy section */
		273A1C51281F67C900C9B396 /* PBXContainerItemProxy */ = {
			isa = PBXContainerItemProxy;
			containerPortal = 273A1C32281F67C000C9B396 /* Project object */;
			proxyType = 1;
			remoteGlobalIDString = 273A1C39281F67C000C9B396;
			remoteInfo = MyColorMemoApp;
		};
		273A1C5B281F67C900C9B396 /* PBXContainerItemProxy */ = {
			isa = PBXContainerItemProxy;
			containerPortal = 273A1C32281F67C000C9B396 /* Project object */;
			proxyType = 1;
			remoteGlobalIDString = 273A1C39281F67C000C9B396;
			remoteInfo = MyColorMemoApp;
		};
/* End PBXContainerItemProxy section */

/* Begin PBXFileReference section */
		17E4901A5A52F2C70AF1D500 /* Pods-MyColorMemoApp.debug.xcconfig */ = {isa = PBXFileReference; includeInIndex = 1; lastKnownFileType = text.xcconfig; name = "Pods-MyColorMemoApp.debug.xcconfig"; path = "Target Support Files/Pods-MyColorMemoApp/Pods-MyColorMemoApp.debug.xcconfig"; sourceTree = "<group>"; };
		18853A56547D65F43F7D98E4 /* Pods-MyColorMemoApp.release.xcconfig */ = {isa = PBXFileReference; includeInIndex = 1; lastKnownFileType = text.xcconfig; name = "Pods-MyColorMemoApp.release.xcconfig"; path = "Target Support Files/Pods-MyColorMemoApp/Pods-MyColorMemoApp.release.xcconfig"; sourceTree = "<group>"; };
		273A1C3A281F67C000C9B396 /* MyColorMemoApp.app */ = {isa = PBXFileReference; explicitFileType = wrapper.application; includeInIndex = 0; path = MyColorMemoApp.app; sourceTree = BUILT_PRODUCTS_DIR; };
		273A1C3D281F67C000C9B396 /* AppDelegate.swift */ = {isa = PBXFileReference; lastKnownFileType = sourcecode.swift; path = AppDelegate.swift; sourceTree = "<group>"; };
		273A1C3F281F67C000C9B396 /* SceneDelegate.swift */ = {isa = PBXFileReference; lastKnownFileType = sourcecode.swift; path = SceneDelegate.swift; sourceTree = "<group>"; };
		273A1C44281F67C000C9B396 /* Base */ = {isa = PBXFileReference; lastKnownFileType = file.storyboard; name = Base; path = Base.lproj/Main.storyboard; sourceTree = "<group>"; };
		273A1C46281F67C800C9B396 /* Assets.xcassets */ = {isa = PBXFileReference; lastKnownFileType = folder.assetcatalog; path = Assets.xcassets; sourceTree = "<group>"; };
		273A1C49281F67C800C9B396 /* Base */ = {isa = PBXFileReference; lastKnownFileType = file.storyboard; name = Base; path = Base.lproj/LaunchScreen.storyboard; sourceTree = "<group>"; };
		273A1C4B281F67C800C9B396 /* Info.plist */ = {isa = PBXFileReference; lastKnownFileType = text.plist.xml; path = Info.plist; sourceTree = "<group>"; };
		273A1C50281F67C900C9B396 /* MyColorMemoAppTests.xctest */ = {isa = PBXFileReference; explicitFileType = wrapper.cfbundle; includeInIndex = 0; path = MyColorMemoAppTests.xctest; sourceTree = BUILT_PRODUCTS_DIR; };
		273A1C54281F67C900C9B396 /* MyColorMemoAppTests.swift */ = {isa = PBXFileReference; lastKnownFileType = sourcecode.swift; path = MyColorMemoAppTests.swift; sourceTree = "<group>"; };
		273A1C5A281F67C900C9B396 /* MyColorMemoAppUITests.xctest */ = {isa = PBXFileReference; explicitFileType = wrapper.cfbundle; includeInIndex = 0; path = MyColorMemoAppUITests.xctest; sourceTree = BUILT_PRODUCTS_DIR; };
		273A1C5E281F67C900C9B396 /* MyColorMemoAppUITests.swift */ = {isa = PBXFileReference; lastKnownFileType = sourcecode.swift; path = MyColorMemoAppUITests.swift; sourceTree = "<group>"; };
		273A1C60281F67C900C9B396 /* MyColorMemoAppUITestsLaunchTests.swift */ = {isa = PBXFileReference; lastKnownFileType = sourcecode.swift; path = MyColorMemoAppUITestsLaunchTests.swift; sourceTree = "<group>"; };
		274C216E282097C10046A5A6 /* MemoDataModel.swift */ = {isa = PBXFileReference; lastKnownFileType = sourcecode.swift; path = MemoDataModel.swift; sourceTree = "<group>"; };
		274C217028209BBF0046A5A6 /* MemoDetailViewController.swift */ = {isa = PBXFileReference; lastKnownFileType = sourcecode.swift; path = MemoDetailViewController.swift; sourceTree = "<group>"; };
		279A7748281F6D5C001BDA4C /* HomeViewController.swift */ = {isa = PBXFileReference; lastKnownFileType = sourcecode.swift; path = HomeViewController.swift; sourceTree = "<group>"; };
		27BAE1572820CB5D00F276A5 /* MyColorType.swift */ = {isa = PBXFileReference; lastKnownFileType = sourcecode.swift; path = MyColorType.swift; sourceTree = "<group>"; };
		6719F9C3CFA0E8AD81476B0E /* Pods_MyColorMemoApp_MyColorMemoAppUITests.framework */ = {isa = PBXFileReference; explicitFileType = wrapper.framework; includeInIndex = 0; path = Pods_MyColorMemoApp_MyColorMemoAppUITests.framework; sourceTree = BUILT_PRODUCTS_DIR; };
		7EAD3D594638FD7459E9498E /* Pods-MyColorMemoAppTests.release.xcconfig */ = {isa = PBXFileReference; includeInIndex = 1; lastKnownFileType = text.xcconfig; name = "Pods-MyColorMemoAppTests.release.xcconfig"; path = "Target Support Files/Pods-MyColorMemoAppTests/Pods-MyColorMemoAppTests.release.xcconfig"; sourceTree = "<group>"; };
		957AACC91425DCB8C315AF06 /* Pods-MyColorMemoApp-MyColorMemoAppUITests.release.xcconfig */ = {isa = PBXFileReference; includeInIndex = 1; lastKnownFileType = text.xcconfig; name = "Pods-MyColorMemoApp-MyColorMemoAppUITests.release.xcconfig"; path = "Target Support Files/Pods-MyColorMemoApp-MyColorMemoAppUITests/Pods-MyColorMemoApp-MyColorMemoAppUITests.release.xcconfig"; sourceTree = "<group>"; };
		9EB12B9703193132D0EAFC7B /* Pods-MyColorMemoApp-MyColorMemoAppUITests.debug.xcconfig */ = {isa = PBXFileReference; includeInIndex = 1; lastKnownFileType = text.xcconfig; name = "Pods-MyColorMemoApp-MyColorMemoAppUITests.debug.xcconfig"; path = "Target Support Files/Pods-MyColorMemoApp-MyColorMemoAppUITests/Pods-MyColorMemoApp-MyColorMemoAppUITests.debug.xcconfig"; sourceTree = "<group>"; };
		AFC114EBECD1D5FEC52D7A44 /* Pods_MyColorMemoApp.framework */ = {isa = PBXFileReference; explicitFileType = wrapper.framework; includeInIndex = 0; path = Pods_MyColorMemoApp.framework; sourceTree = BUILT_PRODUCTS_DIR; };
		CAD32D1F1F7A9F186DD78AA7 /* Pods_MyColorMemoAppTests.framework */ = {isa = PBXFileReference; explicitFileType = wrapper.framework; includeInIndex = 0; path = Pods_MyColorMemoAppTests.framework; sourceTree = BUILT_PRODUCTS_DIR; };
		D5F3F8ABE19698869B631D06 /* Pods-MyColorMemoAppTests.debug.xcconfig */ = {isa = PBXFileReference; includeInIndex = 1; lastKnownFileType = text.xcconfig; name = "Pods-MyColorMemoAppTests.debug.xcconfig"; path = "Target Support Files/Pods-MyColorMemoAppTests/Pods-MyColorMemoAppTests.debug.xcconfig"; sourceTree = "<group>"; };
/* End PBXFileReference section */

/* Begin PBXFrameworksBuildPhase section */
		273A1C37281F67C000C9B396 /* Frameworks */ = {
			isa = PBXFrameworksBuildPhase;
			buildActionMask = 2147483647;
			files = (
				4BB6377C8C8BF733991CB6A2 /* Pods_MyColorMemoApp.framework in Frameworks */,
			);
			runOnlyForDeploymentPostprocessing = 0;
		};
		273A1C4D281F67C900C9B396 /* Frameworks */ = {
			isa = PBXFrameworksBuildPhase;
			buildActionMask = 2147483647;
			files = (
				279E927D9A55658528150474 /* Pods_MyColorMemoAppTests.framework in Frameworks */,
			);
			runOnlyForDeploymentPostprocessing = 0;
		};
		273A1C57281F67C900C9B396 /* Frameworks */ = {
			isa = PBXFrameworksBuildPhase;
			buildActionMask = 2147483647;
			files = (
				5FCAB538026FEECB1B63B5CE /* Pods_MyColorMemoApp_MyColorMemoAppUITests.framework in Frameworks */,
			);
			runOnlyForDeploymentPostprocessing = 0;
		};
/* End PBXFrameworksBuildPhase section */

/* Begin PBXGroup section */
		273A1C31281F67C000C9B396 = {
			isa = PBXGroup;
			children = (
				273A1C3C281F67C000C9B396 /* MyColorMemoApp */,
				273A1C53281F67C900C9B396 /* MyColorMemoAppTests */,
				273A1C5D281F67C900C9B396 /* MyColorMemoAppUITests */,
				273A1C3B281F67C000C9B396 /* Products */,
				EF5197307D921C6525127231 /* Pods */,
				3AFC75243DDF48E3842E8250 /* Frameworks */,
			);
			sourceTree = "<group>";
		};
		273A1C3B281F67C000C9B396 /* Products */ = {
			isa = PBXGroup;
			children = (
				273A1C3A281F67C000C9B396 /* MyColorMemoApp.app */,
				273A1C50281F67C900C9B396 /* MyColorMemoAppTests.xctest */,
				273A1C5A281F67C900C9B396 /* MyColorMemoAppUITests.xctest */,
			);
			name = Products;
			sourceTree = "<group>";
		};
		273A1C3C281F67C000C9B396 /* MyColorMemoApp */ = {
			isa = PBXGroup;
			children = (
				273A1C3D281F67C000C9B396 /* AppDelegate.swift */,
				273A1C3F281F67C000C9B396 /* SceneDelegate.swift */,
				273A1C43281F67C000C9B396 /* Main.storyboard */,
				273A1C46281F67C800C9B396 /* Assets.xcassets */,
				273A1C48281F67C800C9B396 /* LaunchScreen.storyboard */,
				273A1C4B281F67C800C9B396 /* Info.plist */,
				279A7748281F6D5C001BDA4C /* HomeViewController.swift */,
				274C216E282097C10046A5A6 /* MemoDataModel.swift */,
				274C217028209BBF0046A5A6 /* MemoDetailViewController.swift */,
				27BAE1572820CB5D00F276A5 /* MyColorType.swift */,
			);
			path = MyColorMemoApp;
			sourceTree = "<group>";
		};
		273A1C53281F67C900C9B396 /* MyColorMemoAppTests */ = {
			isa = PBXGroup;
			children = (
				273A1C54281F67C900C9B396 /* MyColorMemoAppTests.swift */,
			);
			path = MyColorMemoAppTests;
			sourceTree = "<group>";
		};
		273A1C5D281F67C900C9B396 /* MyColorMemoAppUITests */ = {
			isa = PBXGroup;
			children = (
				273A1C5E281F67C900C9B396 /* MyColorMemoAppUITests.swift */,
				273A1C60281F67C900C9B396 /* MyColorMemoAppUITestsLaunchTests.swift */,
			);
			path = MyColorMemoAppUITests;
			sourceTree = "<group>";
		};
		3AFC75243DDF48E3842E8250 /* Frameworks */ = {
			isa = PBXGroup;
			children = (
				AFC114EBECD1D5FEC52D7A44 /* Pods_MyColorMemoApp.framework */,
				6719F9C3CFA0E8AD81476B0E /* Pods_MyColorMemoApp_MyColorMemoAppUITests.framework */,
				CAD32D1F1F7A9F186DD78AA7 /* Pods_MyColorMemoAppTests.framework */,
			);
			name = Frameworks;
			sourceTree = "<group>";
		};
		EF5197307D921C6525127231 /* Pods */ = {
			isa = PBXGroup;
			children = (
				17E4901A5A52F2C70AF1D500 /* Pods-MyColorMemoApp.debug.xcconfig */,
				18853A56547D65F43F7D98E4 /* Pods-MyColorMemoApp.release.xcconfig */,
				9EB12B9703193132D0EAFC7B /* Pods-MyColorMemoApp-MyColorMemoAppUITests.debug.xcconfig */,
				957AACC91425DCB8C315AF06 /* Pods-MyColorMemoApp-MyColorMemoAppUITests.release.xcconfig */,
				D5F3F8ABE19698869B631D06 /* Pods-MyColorMemoAppTests.debug.xcconfig */,
				7EAD3D594638FD7459E9498E /* Pods-MyColorMemoAppTests.release.xcconfig */,
			);
			path = Pods;
			sourceTree = "<group>";
		};
/* End PBXGroup section */

/* Begin PBXNativeTarget section */
		273A1C39281F67C000C9B396 /* MyColorMemoApp */ = {
			isa = PBXNativeTarget;
			buildConfigurationList = 273A1C64281F67C900C9B396 /* Build configuration list for PBXNativeTarget "MyColorMemoApp" */;
			buildPhases = (
				AD3113C98E3F5A7955B35A05 /* [CP] Check Pods Manifest.lock */,
				273A1C36281F67C000C9B396 /* Sources */,
				273A1C37281F67C000C9B396 /* Frameworks */,
				273A1C38281F67C000C9B396 /* Resources */,
				44305A8C5AAB774F2296B87D /* [CP] Embed Pods Frameworks */,
			);
			buildRules = (
			);
			dependencies = (
			);
			name = MyColorMemoApp;
			productName = MyColorMemoApp;
			productReference = 273A1C3A281F67C000C9B396 /* MyColorMemoApp.app */;
			productType = "com.apple.product-type.application";
		};
		273A1C4F281F67C900C9B396 /* MyColorMemoAppTests */ = {
			isa = PBXNativeTarget;
			buildConfigurationList = 273A1C67281F67C900C9B396 /* Build configuration list for PBXNativeTarget "MyColorMemoAppTests" */;
			buildPhases = (
				584670C130AEFD74CC7455E0 /* [CP] Check Pods Manifest.lock */,
				273A1C4C281F67C900C9B396 /* Sources */,
				273A1C4D281F67C900C9B396 /* Frameworks */,
				273A1C4E281F67C900C9B396 /* Resources */,
			);
			buildRules = (
			);
			dependencies = (
				273A1C52281F67C900C9B396 /* PBXTargetDependency */,
			);
			name = MyColorMemoAppTests;
			productName = MyColorMemoAppTests;
			productReference = 273A1C50281F67C900C9B396 /* MyColorMemoAppTests.xctest */;
			productType = "com.apple.product-type.bundle.unit-test";
		};
		273A1C59281F67C900C9B396 /* MyColorMemoAppUITests */ = {
			isa = PBXNativeTarget;
			buildConfigurationList = 273A1C6A281F67C900C9B396 /* Build configuration list for PBXNativeTarget "MyColorMemoAppUITests" */;
			buildPhases = (
				2539B238E99E927BE57C5A3A /* [CP] Check Pods Manifest.lock */,
				273A1C56281F67C900C9B396 /* Sources */,
				273A1C57281F67C900C9B396 /* Frameworks */,
				273A1C58281F67C900C9B396 /* Resources */,
				45972AD079A35F23A87D5CE4 /* [CP] Embed Pods Frameworks */,
			);
			buildRules = (
			);
			dependencies = (
				273A1C5C281F67C900C9B396 /* PBXTargetDependency */,
			);
			name = MyColorMemoAppUITests;
			productName = MyColorMemoAppUITests;
			productReference = 273A1C5A281F67C900C9B396 /* MyColorMemoAppUITests.xctest */;
			productType = "com.apple.product-type.bundle.ui-testing";
		};
/* End PBXNativeTarget section */

/* Begin PBXProject section */
		273A1C32281F67C000C9B396 /* Project object */ = {
			isa = PBXProject;
			attributes = {
				BuildIndependentTargetsInParallel = 1;
				LastSwiftUpdateCheck = 1330;
				LastUpgradeCheck = 1330;
				TargetAttributes = {
					273A1C39281F67C000C9B396 = {
						CreatedOnToolsVersion = 13.3.1;
					};
					273A1C4F281F67C900C9B396 = {
						CreatedOnToolsVersion = 13.3.1;
						TestTargetID = 273A1C39281F67C000C9B396;
					};
					273A1C59281F67C900C9B396 = {
						CreatedOnToolsVersion = 13.3.1;
						TestTargetID = 273A1C39281F67C000C9B396;
					};
				};
			};
			buildConfigurationList = 273A1C35281F67C000C9B396 /* Build configuration list for PBXProject "MyColorMemoApp" */;
			compatibilityVersion = "Xcode 13.0";
			developmentRegion = en;
			hasScannedForEncodings = 0;
			knownRegions = (
				en,
				Base,
			);
			mainGroup = 273A1C31281F67C000C9B396;
			productRefGroup = 273A1C3B281F67C000C9B396 /* Products */;
			projectDirPath = "";
			projectRoot = "";
			targets = (
				273A1C39281F67C000C9B396 /* MyColorMemoApp */,
				273A1C4F281F67C900C9B396 /* MyColorMemoAppTests */,
				273A1C59281F67C900C9B396 /* MyColorMemoAppUITests */,
			);
		};
/* End PBXProject section */

/* Begin PBXResourcesBuildPhase section */
		273A1C38281F67C000C9B396 /* Resources */ = {
			isa = PBXResourcesBuildPhase;
			buildActionMask = 2147483647;
			files = (
				273A1C4A281F67C800C9B396 /* LaunchScreen.storyboard in Resources */,
				273A1C47281F67C800C9B396 /* Assets.xcassets in Resources */,
				273A1C45281F67C000C9B396 /* Main.storyboard in Resources */,
			);
			runOnlyForDeploymentPostprocessing = 0;
		};
		273A1C4E281F67C900C9B396 /* Resources */ = {
			isa = PBXResourcesBuildPhase;
			buildActionMask = 2147483647;
			files = (
			);
			runOnlyForDeploymentPostprocessing = 0;
		};
		273A1C58281F67C900C9B396 /* Resources */ = {
			isa = PBXResourcesBuildPhase;
			buildActionMask = 2147483647;
			files = (
			);
			runOnlyForDeploymentPostprocessing = 0;
		};
/* End PBXResourcesBuildPhase section */

/* Begin PBXShellScriptBuildPhase section */
		2539B238E99E927BE57C5A3A /* [CP] Check Pods Manifest.lock */ = {
			isa = PBXShellScriptBuildPhase;
			buildActionMask = 2147483647;
			files = (
			);
			inputFileListPaths = (
			);
			inputPaths = (
				"${PODS_PODFILE_DIR_PATH}/Podfile.lock",
				"${PODS_ROOT}/Manifest.lock",
			);
			name = "[CP] Check Pods Manifest.lock";
			outputFileListPaths = (
			);
			outputPaths = (
				"$(DERIVED_FILE_DIR)/Pods-MyColorMemoApp-MyColorMemoAppUITests-checkManifestLockResult.txt",
			);
			runOnlyForDeploymentPostprocessing = 0;
			shellPath = /bin/sh;
			shellScript = "diff \"${PODS_PODFILE_DIR_PATH}/Podfile.lock\" \"${PODS_ROOT}/Manifest.lock\" > /dev/null\nif [ $? != 0 ] ; then\n    # print error to STDERR\n    echo \"error: The sandbox is not in sync with the Podfile.lock. Run 'pod install' or update your CocoaPods installation.\" >&2\n    exit 1\nfi\n# This output is used by Xcode 'outputs' to avoid re-running this script phase.\necho \"SUCCESS\" > \"${SCRIPT_OUTPUT_FILE_0}\"\n";
			showEnvVarsInLog = 0;
		};
		44305A8C5AAB774F2296B87D /* [CP] Embed Pods Frameworks */ = {
			isa = PBXShellScriptBuildPhase;
			buildActionMask = 2147483647;
			files = (
			);
			inputFileListPaths = (
				"${PODS_ROOT}/Target Support Files/Pods-MyColorMemoApp/Pods-MyColorMemoApp-frameworks-${CONFIGURATION}-input-files.xcfilelist",
			);
			name = "[CP] Embed Pods Frameworks";
			outputFileListPaths = (
				"${PODS_ROOT}/Target Support Files/Pods-MyColorMemoApp/Pods-MyColorMemoApp-frameworks-${CONFIGURATION}-output-files.xcfilelist",
			);
			runOnlyForDeploymentPostprocessing = 0;
			shellPath = /bin/sh;
			shellScript = "\"${PODS_ROOT}/Target Support Files/Pods-MyColorMemoApp/Pods-MyColorMemoApp-frameworks.sh\"\n";
			showEnvVarsInLog = 0;
		};
		45972AD079A35F23A87D5CE4 /* [CP] Embed Pods Frameworks */ = {
			isa = PBXShellScriptBuildPhase;
			buildActionMask = 2147483647;
			files = (
			);
			inputFileListPaths = (
				"${PODS_ROOT}/Target Support Files/Pods-MyColorMemoApp-MyColorMemoAppUITests/Pods-MyColorMemoApp-MyColorMemoAppUITests-frameworks-${CONFIGURATION}-input-files.xcfilelist",
			);
			name = "[CP] Embed Pods Frameworks";
			outputFileListPaths = (
				"${PODS_ROOT}/Target Support Files/Pods-MyColorMemoApp-MyColorMemoAppUITests/Pods-MyColorMemoApp-MyColorMemoAppUITests-frameworks-${CONFIGURATION}-output-files.xcfilelist",
			);
			runOnlyForDeploymentPostprocessing = 0;
			shellPath = /bin/sh;
			shellScript = "\"${PODS_ROOT}/Target Support Files/Pods-MyColorMemoApp-MyColorMemoAppUITests/Pods-MyColorMemoApp-MyColorMemoAppUITests-frameworks.sh\"\n";
			showEnvVarsInLog = 0;
		};
		584670C130AEFD74CC7455E0 /* [CP] Check Pods Manifest.lock */ = {
			isa = PBXShellScriptBuildPhase;
			buildActionMask = 2147483647;
			files = (
			);
			inputFileListPaths = (
			);
			inputPaths = (
				"${PODS_PODFILE_DIR_PATH}/Podfile.lock",
				"${PODS_ROOT}/Manifest.lock",
			);
			name = "[CP] Check Pods Manifest.lock";
			outputFileListPaths = (
			);
			outputPaths = (
				"$(DERIVED_FILE_DIR)/Pods-MyColorMemoAppTests-checkManifestLockResult.txt",
			);
			runOnlyForDeploymentPostprocessing = 0;
			shellPath = /bin/sh;
			shellScript = "diff \"${PODS_PODFILE_DIR_PATH}/Podfile.lock\" \"${PODS_ROOT}/Manifest.lock\" > /dev/null\nif [ $? != 0 ] ; then\n    # print error to STDERR\n    echo \"error: The sandbox is not in sync with the Podfile.lock. Run 'pod install' or update your CocoaPods installation.\" >&2\n    exit 1\nfi\n# This output is used by Xcode 'outputs' to avoid re-running this script phase.\necho \"SUCCESS\" > \"${SCRIPT_OUTPUT_FILE_0}\"\n";
			showEnvVarsInLog = 0;
		};
		AD3113C98E3F5A7955B35A05 /* [CP] Check Pods Manifest.lock */ = {
			isa = PBXShellScriptBuildPhase;
			buildActionMask = 2147483647;
			files = (
			);
			inputFileListPaths = (
			);
			inputPaths = (
				"${PODS_PODFILE_DIR_PATH}/Podfile.lock",
				"${PODS_ROOT}/Manifest.lock",
			);
			name = "[CP] Check Pods Manifest.lock";
			outputFileListPaths = (
			);
			outputPaths = (
				"$(DERIVED_FILE_DIR)/Pods-MyColorMemoApp-checkManifestLockResult.txt",
			);
			runOnlyForDeploymentPostprocessing = 0;
			shellPath = /bin/sh;
			shellScript = "diff \"${PODS_PODFILE_DIR_PATH}/Podfile.lock\" \"${PODS_ROOT}/Manifest.lock\" > /dev/null\nif [ $? != 0 ] ; then\n    # print error to STDERR\n    echo \"error: The sandbox is not in sync with the Podfile.lock. Run 'pod install' or update your CocoaPods installation.\" >&2\n    exit 1\nfi\n# This output is used by Xcode 'outputs' to avoid re-running this script phase.\necho \"SUCCESS\" > \"${SCRIPT_OUTPUT_FILE_0}\"\n";
			showEnvVarsInLog = 0;
		};
/* End PBXShellScriptBuildPhase section */

/* Begin PBXSourcesBuildPhase section */
		273A1C36281F67C000C9B396 /* Sources */ = {
			isa = PBXSourcesBuildPhase;
			buildActionMask = 2147483647;
			files = (
				274C217128209BBF0046A5A6 /* MemoDetailViewController.swift in Sources */,
				273A1C3E281F67C000C9B396 /* AppDelegate.swift in Sources */,
				273A1C40281F67C000C9B396 /* SceneDelegate.swift in Sources */,
				279A7749281F6D5C001BDA4C /* HomeViewController.swift in Sources */,
				274C216F282097C10046A5A6 /* MemoDataModel.swift in Sources */,
				27BAE1582820CB5E00F276A5 /* MyColorType.swift in Sources */,
			);
			runOnlyForDeploymentPostprocessing = 0;
		};
		273A1C4C281F67C900C9B396 /* Sources */ = {
			isa = PBXSourcesBuildPhase;
			buildActionMask = 2147483647;
			files = (
				273A1C55281F67C900C9B396 /* MyColorMemoAppTests.swift in Sources */,
			);
			runOnlyForDeploymentPostprocessing = 0;
		};
		273A1C56281F67C900C9B396 /* Sources */ = {
			isa = PBXSourcesBuildPhase;
			buildActionMask = 2147483647;
			files = (
				273A1C61281F67C900C9B396 /* MyColorMemoAppUITestsLaunchTests.swift in Sources */,
				273A1C5F281F67C900C9B396 /* MyColorMemoAppUITests.swift in Sources */,
			);
			runOnlyForDeploymentPostprocessing = 0;
		};
/* End PBXSourcesBuildPhase section */

/* Begin PBXTargetDependency section */
		273A1C52281F67C900C9B396 /* PBXTargetDependency */ = {
			isa = PBXTargetDependency;
			target = 273A1C39281F67C000C9B396 /* MyColorMemoApp */;
			targetProxy = 273A1C51281F67C900C9B396 /* PBXContainerItemProxy */;
		};
		273A1C5C281F67C900C9B396 /* PBXTargetDependency */ = {
			isa = PBXTargetDependency;
			target = 273A1C39281F67C000C9B396 /* MyColorMemoApp */;
			targetProxy = 273A1C5B281F67C900C9B396 /* PBXContainerItemProxy */;
		};
/* End PBXTargetDependency section */

/* Begin PBXVariantGroup section */
		273A1C43281F67C000C9B396 /* Main.storyboard */ = {
			isa = PBXVariantGroup;
			children = (
				273A1C44281F67C000C9B396 /* Base */,
			);
			name = Main.storyboard;
			sourceTree = "<group>";
		};
		273A1C48281F67C800C9B396 /* LaunchScreen.storyboard */ = {
			isa = PBXVariantGroup;
			children = (
				273A1C49281F67C800C9B396 /* Base */,
			);
			name = LaunchScreen.storyboard;
			sourceTree = "<group>";
		};
/* End PBXVariantGroup section */

/* Begin XCBuildConfiguration section */
		273A1C62281F67C900C9B396 /* Debug */ = {
			isa = XCBuildConfiguration;
			buildSettings = {
				ALWAYS_SEARCH_USER_PATHS = NO;
				CLANG_ANALYZER_NONNULL = YES;
				CLANG_ANALYZER_NUMBER_OBJECT_CONVERSION = YES_AGGRESSIVE;
				CLANG_CXX_LANGUAGE_STANDARD = "gnu++17";
				CLANG_ENABLE_MODULES = YES;
				CLANG_ENABLE_OBJC_ARC = YES;
				CLANG_ENABLE_OBJC_WEAK = YES;
				CLANG_WARN_BLOCK_CAPTURE_AUTORELEASING = YES;
				CLANG_WARN_BOOL_CONVERSION = YES;
				CLANG_WARN_COMMA = YES;
				CLANG_WARN_CONSTANT_CONVERSION = YES;
				CLANG_WARN_DEPRECATED_OBJC_IMPLEMENTATIONS = YES;
				CLANG_WARN_DIRECT_OBJC_ISA_USAGE = YES_ERROR;
				CLANG_WARN_DOCUMENTATION_COMMENTS = YES;
				CLANG_WARN_EMPTY_BODY = YES;
				CLANG_WARN_ENUM_CONVERSION = YES;
				CLANG_WARN_INFINITE_RECURSION = YES;
				CLANG_WARN_INT_CONVERSION = YES;
				CLANG_WARN_NON_LITERAL_NULL_CONVERSION = YES;
				CLANG_WARN_OBJC_IMPLICIT_RETAIN_SELF = YES;
				CLANG_WARN_OBJC_LITERAL_CONVERSION = YES;
				CLANG_WARN_OBJC_ROOT_CLASS = YES_ERROR;
				CLANG_WARN_QUOTED_INCLUDE_IN_FRAMEWORK_HEADER = YES;
				CLANG_WARN_RANGE_LOOP_ANALYSIS = YES;
				CLANG_WARN_STRICT_PROTOTYPES = YES;
				CLANG_WARN_SUSPICIOUS_MOVE = YES;
				CLANG_WARN_UNGUARDED_AVAILABILITY = YES_AGGRESSIVE;
				CLANG_WARN_UNREACHABLE_CODE = YES;
				CLANG_WARN__DUPLICATE_METHOD_MATCH = YES;
				COPY_PHASE_STRIP = NO;
				DEBUG_INFORMATION_FORMAT = dwarf;
				ENABLE_STRICT_OBJC_MSGSEND = YES;
				ENABLE_TESTABILITY = YES;
				GCC_C_LANGUAGE_STANDARD = gnu11;
				GCC_DYNAMIC_NO_PIC = NO;
				GCC_NO_COMMON_BLOCKS = YES;
				GCC_OPTIMIZATION_LEVEL = 0;
				GCC_PREPROCESSOR_DEFINITIONS = (
					"DEBUG=1",
					"$(inherited)",
				);
				GCC_WARN_64_TO_32_BIT_CONVERSION = YES;
				GCC_WARN_ABOUT_RETURN_TYPE = YES_ERROR;
				GCC_WARN_UNDECLARED_SELECTOR = YES;
				GCC_WARN_UNINITIALIZED_AUTOS = YES_AGGRESSIVE;
				GCC_WARN_UNUSED_FUNCTION = YES;
				GCC_WARN_UNUSED_VARIABLE = YES;
				IPHONEOS_DEPLOYMENT_TARGET = 15.4;
				MTL_ENABLE_DEBUG_INFO = INCLUDE_SOURCE;
				MTL_FAST_MATH = YES;
				ONLY_ACTIVE_ARCH = YES;
				SDKROOT = iphoneos;
				SWIFT_ACTIVE_COMPILATION_CONDITIONS = DEBUG;
				SWIFT_OPTIMIZATION_LEVEL = "-Onone";
			};
			name = Debug;
		};
		273A1C63281F67C900C9B396 /* Release */ = {
			isa = XCBuildConfiguration;
			buildSettings = {
				ALWAYS_SEARCH_USER_PATHS = NO;
				CLANG_ANALYZER_NONNULL = YES;
				CLANG_ANALYZER_NUMBER_OBJECT_CONVERSION = YES_AGGRESSIVE;
				CLANG_CXX_LANGUAGE_STANDARD = "gnu++17";
				CLANG_ENABLE_MODULES = YES;
				CLANG_ENABLE_OBJC_ARC = YES;
				CLANG_ENABLE_OBJC_WEAK = YES;
				CLANG_WARN_BLOCK_CAPTURE_AUTORELEASING = YES;
				CLANG_WARN_BOOL_CONVERSION = YES;
				CLANG_WARN_COMMA = YES;
				CLANG_WARN_CONSTANT_CONVERSION = YES;
				CLANG_WARN_DEPRECATED_OBJC_IMPLEMENTATIONS = YES;
				CLANG_WARN_DIRECT_OBJC_ISA_USAGE = YES_ERROR;
				CLANG_WARN_DOCUMENTATION_COMMENTS = YES;
				CLANG_WARN_EMPTY_BODY = YES;
				CLANG_WARN_ENUM_CONVERSION = YES;
				CLANG_WARN_INFINITE_RECURSION = YES;
				CLANG_WARN_INT_CONVERSION = YES;
				CLANG_WARN_NON_LITERAL_NULL_CONVERSION = YES;
				CLANG_WARN_OBJC_IMPLICIT_RETAIN_SELF = YES;
				CLANG_WARN_OBJC_LITERAL_CONVERSION = YES;
				CLANG_WARN_OBJC_ROOT_CLASS = YES_ERROR;
				CLANG_WARN_QUOTED_INCLUDE_IN_FRAMEWORK_HEADER = YES;
				CLANG_WARN_RANGE_LOOP_ANALYSIS = YES;
				CLANG_WARN_STRICT_PROTOTYPES = YES;
				CLANG_WARN_SUSPICIOUS_MOVE = YES;
				CLANG_WARN_UNGUARDED_AVAILABILITY = YES_AGGRESSIVE;
				CLANG_WARN_UNREACHABLE_CODE = YES;
				CLANG_WARN__DUPLICATE_METHOD_MATCH = YES;
				COPY_PHASE_STRIP = NO;
				DEBUG_INFORMATION_FORMAT = "dwarf-with-dsym";
				ENABLE_NS_ASSERTIONS = NO;
				ENABLE_STRICT_OBJC_MSGSEND = YES;
				GCC_C_LANGUAGE_STANDARD = gnu11;
				GCC_NO_COMMON_BLOCKS = YES;
				GCC_WARN_64_TO_32_BIT_CONVERSION = YES;
				GCC_WARN_ABOUT_RETURN_TYPE = YES_ERROR;
				GCC_WARN_UNDECLARED_SELECTOR = YES;
				GCC_WARN_UNINITIALIZED_AUTOS = YES_AGGRESSIVE;
				GCC_WARN_UNUSED_FUNCTION = YES;
				GCC_WARN_UNUSED_VARIABLE = YES;
				IPHONEOS_DEPLOYMENT_TARGET = 15.4;
				MTL_ENABLE_DEBUG_INFO = NO;
				MTL_FAST_MATH = YES;
				SDKROOT = iphoneos;
				SWIFT_COMPILATION_MODE = wholemodule;
				SWIFT_OPTIMIZATION_LEVEL = "-O";
				VALIDATE_PRODUCT = YES;
			};
			name = Release;
		};
		273A1C65281F67C900C9B396 /* Debug */ = {
			isa = XCBuildConfiguration;
			baseConfigurationReference = 17E4901A5A52F2C70AF1D500 /* Pods-MyColorMemoApp.debug.xcconfig */;
			buildSettings = {
				ASSETCATALOG_COMPILER_APPICON_NAME = AppIcon;
				ASSETCATALOG_COMPILER_GLOBAL_ACCENT_COLOR_NAME = AccentColor;
				CODE_SIGN_STYLE = Automatic;
				CURRENT_PROJECT_VERSION = 1;
				DEVELOPMENT_TEAM = F4YR54FN6M;
				GENERATE_INFOPLIST_FILE = YES;
				INFOPLIST_FILE = MyColorMemoApp/Info.plist;
				INFOPLIST_KEY_UIApplicationSupportsIndirectInputEvents = YES;
				INFOPLIST_KEY_UILaunchStoryboardName = LaunchScreen;
				INFOPLIST_KEY_UIMainStoryboardFile = Main;
				INFOPLIST_KEY_UISupportedInterfaceOrientations_iPad = "UIInterfaceOrientationPortrait UIInterfaceOrientationPortraitUpsideDown UIInterfaceOrientationLandscapeLeft UIInterfaceOrientationLandscapeRight";
				INFOPLIST_KEY_UISupportedInterfaceOrientations_iPhone = "UIInterfaceOrientationPortrait UIInterfaceOrientationLandscapeLeft UIInterfaceOrientationLandscapeRight";
				LD_RUNPATH_SEARCH_PATHS = (
					"$(inherited)",
					"@executable_path/Frameworks",
				);
				MARKETING_VERSION = 1.0;
				PRODUCT_BUNDLE_IDENTIFIER = com.yohei.MyColorMemoApp;
				PRODUCT_NAME = "$(TARGET_NAME)";
				SWIFT_EMIT_LOC_STRINGS = YES;
				SWIFT_VERSION = 5.0;
				TARGETED_DEVICE_FAMILY = "1,2";
			};
			name = Debug;
		};
		273A1C66281F67C900C9B396 /* Release */ = {
			isa = XCBuildConfiguration;
			baseConfigurationReference = 18853A56547D65F43F7D98E4 /* Pods-MyColorMemoApp.release.xcconfig */;
			buildSettings = {
				ASSETCATALOG_COMPILER_APPICON_NAME = AppIcon;
				ASSETCATALOG_COMPILER_GLOBAL_ACCENT_COLOR_NAME = AccentColor;
				CODE_SIGN_STYLE = Automatic;
				CURRENT_PROJECT_VERSION = 1;
				DEVELOPMENT_TEAM = F4YR54FN6M;
				GENERATE_INFOPLIST_FILE = YES;
				INFOPLIST_FILE = MyColorMemoApp/Info.plist;
				INFOPLIST_KEY_UIApplicationSupportsIndirectInputEvents = YES;
				INFOPLIST_KEY_UILaunchStoryboardName = LaunchScreen;
				INFOPLIST_KEY_UIMainStoryboardFile = Main;
				INFOPLIST_KEY_UISupportedInterfaceOrientations_iPad = "UIInterfaceOrientationPortrait UIInterfaceOrientationPortraitUpsideDown UIInterfaceOrientationLandscapeLeft UIInterfaceOrientationLandscapeRight";
				INFOPLIST_KEY_UISupportedInterfaceOrientations_iPhone = "UIInterfaceOrientationPortrait UIInterfaceOrientationLandscapeLeft UIInterfaceOrientationLandscapeRight";
				LD_RUNPATH_SEARCH_PATHS = (
					"$(inherited)",
					"@executable_path/Frameworks",
				);
				MARKETING_VERSION = 1.0;
				PRODUCT_BUNDLE_IDENTIFIER = com.yohei.MyColorMemoApp;
				PRODUCT_NAME = "$(TARGET_NAME)";
				SWIFT_EMIT_LOC_STRINGS = YES;
				SWIFT_VERSION = 5.0;
				TARGETED_DEVICE_FAMILY = "1,2";
			};
			name = Release;
		};
		273A1C68281F67C900C9B396 /* Debug */ = {
			isa = XCBuildConfiguration;
			baseConfigurationReference = D5F3F8ABE19698869B631D06 /* Pods-MyColorMemoAppTests.debug.xcconfig */;
			buildSettings = {
				ALWAYS_EMBED_SWIFT_STANDARD_LIBRARIES = YES;
				BUNDLE_LOADER = "$(TEST_HOST)";
				CODE_SIGN_STYLE = Automatic;
				CURRENT_PROJECT_VERSION = 1;
				DEVELOPMENT_TEAM = F4YR54FN6M;
				GENERATE_INFOPLIST_FILE = YES;
				IPHONEOS_DEPLOYMENT_TARGET = 15.4;
				MARKETING_VERSION = 1.0;
				PRODUCT_BUNDLE_IDENTIFIER = com.yohei.MyColorMemoAppTests;
				PRODUCT_NAME = "$(TARGET_NAME)";
				SWIFT_EMIT_LOC_STRINGS = NO;
				SWIFT_VERSION = 5.0;
				TARGETED_DEVICE_FAMILY = "1,2";
				TEST_HOST = "$(BUILT_PRODUCTS_DIR)/MyColorMemoApp.app/MyColorMemoApp";
			};
			name = Debug;
		};
		273A1C69281F67C900C9B396 /* Release */ = {
			isa = XCBuildConfiguration;
			baseConfigurationReference = 7EAD3D594638FD7459E9498E /* Pods-MyColorMemoAppTests.release.xcconfig */;
			buildSettings = {
				ALWAYS_EMBED_SWIFT_STANDARD_LIBRARIES = YES;
				BUNDLE_LOADER = "$(TEST_HOST)";
				CODE_SIGN_STYLE = Automatic;
				CURRENT_PROJECT_VERSION = 1;
				DEVELOPMENT_TEAM = F4YR54FN6M;
				GENERATE_INFOPLIST_FILE = YES;
				IPHONEOS_DEPLOYMENT_TARGET = 15.4;
				MARKETING_VERSION = 1.0;
				PRODUCT_BUNDLE_IDENTIFIER = com.yohei.MyColorMemoAppTests;
				PRODUCT_NAME = "$(TARGET_NAME)";
				SWIFT_EMIT_LOC_STRINGS = NO;
				SWIFT_VERSION = 5.0;
				TARGETED_DEVICE_FAMILY = "1,2";
				TEST_HOST = "$(BUILT_PRODUCTS_DIR)/MyColorMemoApp.app/MyColorMemoApp";
			};
			name = Release;
		};
		273A1C6B281F67C900C9B396 /* Debug */ = {
			isa = XCBuildConfiguration;
			baseConfigurationReference = 9EB12B9703193132D0EAFC7B /* Pods-MyColorMemoApp-MyColorMemoAppUITests.debug.xcconfig */;
			buildSettings = {
				ALWAYS_EMBED_SWIFT_STANDARD_LIBRARIES = YES;
				CODE_SIGN_STYLE = Automatic;
				CURRENT_PROJECT_VERSION = 1;
				DEVELOPMENT_TEAM = F4YR54FN6M;
				GENERATE_INFOPLIST_FILE = YES;
				MARKETING_VERSION = 1.0;
				PRODUCT_BUNDLE_IDENTIFIER = com.yohei.MyColorMemoAppUITests;
				PRODUCT_NAME = "$(TARGET_NAME)";
				SWIFT_EMIT_LOC_STRINGS = NO;
				SWIFT_VERSION = 5.0;
				TARGETED_DEVICE_FAMILY = "1,2";
				TEST_TARGET_NAME = MyColorMemoApp;
			};
			name = Debug;
		};
		273A1C6C281F67C900C9B396 /* Release */ = {
			isa = XCBuildConfiguration;
			baseConfigurationReference = 957AACC91425DCB8C315AF06 /* Pods-MyColorMemoApp-MyColorMemoAppUITests.release.xcconfig */;
			buildSettings = {
				ALWAYS_EMBED_SWIFT_STANDARD_LIBRARIES = YES;
				CODE_SIGN_STYLE = Automatic;
				CURRENT_PROJECT_VERSION = 1;
				DEVELOPMENT_TEAM = F4YR54FN6M;
				GENERATE_INFOPLIST_FILE = YES;
				MARKETING_VERSION = 1.0;
				PRODUCT_BUNDLE_IDENTIFIER = com.yohei.MyColorMemoAppUITests;
				PRODUCT_NAME = "$(TARGET_NAME)";
				SWIFT_EMIT_LOC_STRINGS = NO;
				SWIFT_VERSION = 5.0;
				TARGETED_DEVICE_FAMILY = "1,2";
				TEST_TARGET_NAME = MyColorMemoApp;
			};
			name = Release;
		};
/* End XCBuildConfiguration section */

/* Begin XCConfigurationList section */
		273A1C35281F67C000C9B396 /* Build configuration list for PBXProject "MyColorMemoApp" */ = {
			isa = XCConfigurationList;
			buildConfigurations = (
				273A1C62281F67C900C9B396 /* Debug */,
				273A1C63281F67C900C9B396 /* Release */,
			);
			defaultConfigurationIsVisible = 0;
			defaultConfigurationName = Release;
		};
		273A1C64281F67C900C9B396 /* Build configuration list for PBXNativeTarget "MyColorMemoApp" */ = {
			isa = XCConfigurationList;
			buildConfigurations = (
				273A1C65281F67C900C9B396 /* Debug */,
				273A1C66281F67C900C9B396 /* Release */,
			);
			defaultConfigurationIsVisible = 0;
			defaultConfigurationName = Release;
		};
		273A1C67281F67C900C9B396 /* Build configuration list for PBXNativeTarget "MyColorMemoAppTests" */ = {
			isa = XCConfigurationList;
			buildConfigurations = (
				273A1C68281F67C900C9B396 /* Debug */,
				273A1C69281F67C900C9B396 /* Release */,
			);
			defaultConfigurationIsVisible = 0;
			defaultConfigurationName = Release;
		};
		273A1C6A281F67C900C9B396 /* Build configuration list for PBXNativeTarget "MyColorMemoAppUITests" */ = {
			isa = XCConfigurationList;
			buildConfigurations = (
				273A1C6B281F67C900C9B396 /* Debug */,
				273A1C6C281F67C900C9B396 /* Release */,
			);
			defaultConfigurationIsVisible = 0;
			defaultConfigurationName = Release;
		};
/* End XCConfigurationList section */
	};
	rootObject = 273A1C32281F67C000C9B396 /* Project object */;
}
